<?xml version="1.0" encoding="utf-8"?>
<Project ToolsVersion="4.0" xmlns="http://schemas.microsoft.com/developer/msbuild/2003">
  <ItemGroup>
    <Filter Include="source">
      <UniqueIdentifier>{554e289d-e566-4337-969b-b1631f21cdbd}</UniqueIdentifier>
      <Extensions>cpp;c;cxx;def;odl;idl;hpj;bat;asm</Extensions>
    </Filter>
    <Filter Include="include">
      <UniqueIdentifier>{9a567185-023d-4268-92ee-cad9dd6d79b7}</UniqueIdentifier>
      <Extensions>h;hpp;hxx;hm;inl;inc</Extensions>
    </Filter>
    <Filter Include="resource">
      <UniqueIdentifier>{5b6eabb4-b7ab-4bf7-987a-a78c06449cf5}</UniqueIdentifier>
      <Extensions>rc;ico;cur;bmp;dlg;rc2;rct;bin;rgs;jpg;jpeg;jpe;png;manifest</Extensions>
    </Filter>
  </ItemGroup>
  <ItemGroup>
    <Image Include="res\SunshinePhotos.ico">
      <Filter>resource</Filter>
    </Image>
    <Image Include="..\Resources\CloseSelected.png">
      <Filter>resource</Filter>
    </Image>
    <Image Include="..\Resources\CloseNormal.png">
      <Filter>resource</Filter>
    </Image>
    <Image Include="..\Resources\HelloWorld.png">
      <Filter>resource</Filter>
    </Image>
  </ItemGroup>
  <ItemGroup>
    <ResourceCompile Include="SunshinePhotos.rc">
      <Filter>resource</Filter>
    </ResourceCompile>
  </ItemGroup>
  <ItemGroup>
    <ClInclude Include="resource.h">
      <Filter>include</Filter>
    </ClInclude>
    <ClInclude Include="main.h">
      <Filter>include</Filter>
    </ClInclude>
    <ClInclude Include="..\Classes\AppDelegate.h">
      <Filter>include</Filter>
    </ClInclude>
    <ClInclude Include="..\Classes\HelloWorldScene.h">
      <Filter>include</Filter>
    </ClInclude>
    <ClInclude Include="..\Classes\Settings.h">
      <Filter>source</Filter>
    </ClInclude>
    <ClInclude Include="..\Classes\vpoint.h">
      <Filter>source</Filter>
    </ClInclude>
    <ClInclude Include="..\Classes\vrope.h">
      <Filter>source</Filter>
    </ClInclude>
    <ClInclude Include="..\Classes\vstick.h">
      <Filter>source</Filter>
    </ClInclude>
    <ClInclude Include="..\Classes\Box2dHelper.h">
      <Filter>source</Filter>
    </ClInclude>
    <ClInclude Include="..\Classes\Photo.h">
      <Filter>source</Filter>
    </ClInclude>
    <ClInclude Include="..\Classes\StartLayer.h">
      <Filter>source</Filter>
    </ClInclude>
    <ClInclude Include="..\Classes\AboutLayer.h">
      <Filter>source</Filter>
    </ClInclude>
    <ClInclude Include="..\Classes\GameOverLayer.h">
      <Filter>source</Filter>
    </ClInclude>
    <ClInclude Include="..\Classes\ChineseHelper.h">
      <Filter>source</Filter>
    </ClInclude>
    <ClInclude Include="..\Classes\SurpriseLayer.h">
      <Filter>source</Filter>
    </ClInclude>
  </ItemGroup>
  <ItemGroup>
    <ClCompile Include="main.cpp">
      <Filter>source</Filter>
    </ClCompile>
    <ClCompile Include="..\Classes\AppDelegate.cpp">
      <Filter>source</Filter>
    </ClCompile>
    <ClCompile Include="..\Classes\HelloWorldScene.cpp">
      <Filter>source</Filter>
    </ClCompile>
    <ClCompile Include="..\Classes\vpoint.cpp">
      <Filter>source</Filter>
    </ClCompile>
    <ClCompile Include="..\Classes\vrope.cpp">
      <Filter>source</Filter>
    </ClCompile>
    <ClCompile Include="..\Classes\vstick.cpp">
      <Filter>source</Filter>
    </ClCompile>
    <ClCompile Include="..\Classes\Box2dHelper.cpp">
      <Filter>source</Filter>
    </ClCompile>
    <ClCompile Include="..\Classes\Photo.cpp">
      <Filter>source</Filter>
    </ClCompile>
    <ClCompile Include="..\Classes\StartLayer.cpp">
      <Filter>source</Filter>
    </ClCompile>
    <ClCompile Include="..\Classes\AboutLayer.cpp">
      <Filter>source</Filter>
    </ClCompile>
    <ClCompile Include="..\Classes\GameOverLayer.cpp">
      <Filter>source</Filter>
    </ClCompile>
    <ClCompile Include="..\Classes\ChineseHelper.cpp">
      <Filter>source</Filter>
    </ClCompile>
    <ClCompile Include="..\Classes\SurpriseLayer.cpp">
      <Filter>source</Filter>
    </ClCompile>
  </ItemGroup>
</Project>